
Microsoft Visual Studio Solution File, Format Version 12.00
# Visual Studio 2012
Project("{8BC9CEB8-8B4A-11D0-8D11-00A0C91BC942}") = "MyGameEngine", "MFCFramework\MyMFCGraphicsShaderFramework.vcxproj", "{B6EE7749-BB24-4F78-8400-992DF9C0EB17}"
	ProjectSection(ProjectDependencies) = postProject
		{6929F00B-BCEC-4810-A235-747AF8A8E0D3} = {6929F00B-BCEC-4810-A235-747AF8A8E0D3}
		{DDDE1728-D156-46CD-BBC1-E6B3146F0AD1} = {DDDE1728-D156-46CD-BBC1-E6B3146F0AD1}
		{54ADEB66-E432-417A-8F94-686FCD153BCA} = {54ADEB66-E432-417A-8F94-686FCD153BCA}
		{ABBCBA78-8524-4D79-A579-7845B9B726CF} = {ABBCBA78-8524-4D79-A579-7845B9B726CF}
		{2405889F-E2EA-4045-984E-A17681229450} = {2405889F-E2EA-4045-984E-A17681229450}
		{299BE6AB-52B7-4CA5-B2A7-957A99F3D310} = {299BE6AB-52B7-4CA5-B2A7-957A99F3D310}
		{B9A189E4-3438-469A-B828-57FD35CA7AAF} = {B9A189E4-3438-469A-B828-57FD35CA7AAF}
	EndProjectSection
EndProject
Project("{8BC9CEB8-8B4A-11D0-8D11-00A0C91BC942}") = "OpenGLRender", "OpenGLRender\OpenGLRender.vcxproj", "{6929F00B-BCEC-4810-A235-747AF8A8E0D3}"
	ProjectSection(ProjectDependencies) = postProject
		{DDDE1728-D156-46CD-BBC1-E6B3146F0AD1} = {DDDE1728-D156-46CD-BBC1-E6B3146F0AD1}
		{54ADEB66-E432-417A-8F94-686FCD153BCA} = {54ADEB66-E432-417A-8F94-686FCD153BCA}
		{ABBCBA78-8524-4D79-A579-7845B9B726CF} = {ABBCBA78-8524-4D79-A579-7845B9B726CF}
		{299BE6AB-52B7-4CA5-B2A7-957A99F3D310} = {299BE6AB-52B7-4CA5-B2A7-957A99F3D310}
	EndProjectSection
EndProject
Project("{8BC9CEB8-8B4A-11D0-8D11-00A0C91BC942}") = "Physics", "Physics\Physics.vcxproj", "{2405889F-E2EA-4045-984E-A17681229450}"
	ProjectSection(ProjectDependencies) = postProject
		{54ADEB66-E432-417A-8F94-686FCD153BCA} = {54ADEB66-E432-417A-8F94-686FCD153BCA}
		{ABBCBA78-8524-4D79-A579-7845B9B726CF} = {ABBCBA78-8524-4D79-A579-7845B9B726CF}
		{299BE6AB-52B7-4CA5-B2A7-957A99F3D310} = {299BE6AB-52B7-4CA5-B2A7-957A99F3D310}
	EndProjectSection
EndProject
Project("{8BC9CEB8-8B4A-11D0-8D11-00A0C91BC942}") = "Utils", "Utils\Utils.vcxproj", "{299BE6AB-52B7-4CA5-B2A7-957A99F3D310}"
EndProject
Project("{8BC9CEB8-8B4A-11D0-8D11-00A0C91BC942}") = "MathLib", "MathLib\MathLib.vcxproj", "{ABBCBA78-8524-4D79-A579-7845B9B726CF}"
	ProjectSection(ProjectDependencies) = postProject
		{299BE6AB-52B7-4CA5-B2A7-957A99F3D310} = {299BE6AB-52B7-4CA5-B2A7-957A99F3D310}
	EndProjectSection
EndProject
Project("{8BC9CEB8-8B4A-11D0-8D11-00A0C91BC942}") = "MathLib_LOCO", "MathLib_LOCO\MathLib_LOCO.vcxproj", "{54ADEB66-E432-417A-8F94-686FCD153BCA}"
	ProjectSection(ProjectDependencies) = postProject
		{DDDE1728-D156-46CD-BBC1-E6B3146F0AD1} = {DDDE1728-D156-46CD-BBC1-E6B3146F0AD1}
		{299BE6AB-52B7-4CA5-B2A7-957A99F3D310} = {299BE6AB-52B7-4CA5-B2A7-957A99F3D310}
	EndProjectSection
EndProject
Project("{8BC9CEB8-8B4A-11D0-8D11-00A0C91BC942}") = "gsl", "gsl\gsl.vcxproj", "{DDDE1728-D156-46CD-BBC1-E6B3146F0AD1}"
EndProject
Project("{8BC9CEB8-8B4A-11D0-8D11-00A0C91BC942}") = "Simbicon", "Simbicon\Simbicon.vcxproj", "{B9A189E4-3438-469A-B828-57FD35CA7AAF}"
	ProjectSection(ProjectDependencies) = postProject
		{DDDE1728-D156-46CD-BBC1-E6B3146F0AD1} = {DDDE1728-D156-46CD-BBC1-E6B3146F0AD1}
		{54ADEB66-E432-417A-8F94-686FCD153BCA} = {54ADEB66-E432-417A-8F94-686FCD153BCA}
		{2405889F-E2EA-4045-984E-A17681229450} = {2405889F-E2EA-4045-984E-A17681229450}
		{299BE6AB-52B7-4CA5-B2A7-957A99F3D310} = {299BE6AB-52B7-4CA5-B2A7-957A99F3D310}
	EndProjectSection
EndProject
Global
	GlobalSection(SolutionConfigurationPlatforms) = preSolution
		Debug|Win32 = Debug|Win32
		Release|Win32 = Release|Win32
	EndGlobalSection
	GlobalSection(ProjectConfigurationPlatforms) = postSolution
		{B6EE7749-BB24-4F78-8400-992DF9C0EB17}.Debug|Win32.ActiveCfg = Debug|Win32
		{B6EE7749-BB24-4F78-8400-992DF9C0EB17}.Debug|Win32.Build.0 = Debug|Win32
		{B6EE7749-BB24-4F78-8400-992DF9C0EB17}.Release|Win32.ActiveCfg = Release|Win32
		{B6EE7749-BB24-4F78-8400-992DF9C0EB17}.Release|Win32.Build.0 = Release|Win32
		{6929F00B-BCEC-4810-A235-747AF8A8E0D3}.Debug|Win32.ActiveCfg = Debug|Win32
		{6929F00B-BCEC-4810-A235-747AF8A8E0D3}.Debug|Win32.Build.0 = Debug|Win32
		{6929F00B-BCEC-4810-A235-747AF8A8E0D3}.Release|Win32.ActiveCfg = Release|Win32
		{6929F00B-BCEC-4810-A235-747AF8A8E0D3}.Release|Win32.Build.0 = Release|Win32
		{2405889F-E2EA-4045-984E-A17681229450}.Debug|Win32.ActiveCfg = Debug|Win32
		{2405889F-E2EA-4045-984E-A17681229450}.Debug|Win32.Build.0 = Debug|Win32
		{2405889F-E2EA-4045-984E-A17681229450}.Release|Win32.ActiveCfg = Release|Win32
		{2405889F-E2EA-4045-984E-A17681229450}.Release|Win32.Build.0 = Release|Win32
		{299BE6AB-52B7-4CA5-B2A7-957A99F3D310}.Debug|Win32.ActiveCfg = Debug|Win32
		{299BE6AB-52B7-4CA5-B2A7-957A99F3D310}.Debug|Win32.Build.0 = Debug|Win32
		{299BE6AB-52B7-4CA5-B2A7-957A99F3D310}.Release|Win32.ActiveCfg = Release|Win32
		{299BE6AB-52B7-4CA5-B2A7-957A99F3D310}.Release|Win32.Build.0 = Release|Win32
		{ABBCBA78-8524-4D79-A579-7845B9B726CF}.Debug|Win32.ActiveCfg = Debug|Win32
		{ABBCBA78-8524-4D79-A579-7845B9B726CF}.Debug|Win32.Build.0 = Debug|Win32
		{ABBCBA78-8524-4D79-A579-7845B9B726CF}.Release|Win32.ActiveCfg = Release|Win32
		{ABBCBA78-8524-4D79-A579-7845B9B726CF}.Release|Win32.Build.0 = Release|Win32
		{54ADEB66-E432-417A-8F94-686FCD153BCA}.Debug|Win32.ActiveCfg = Debug|Win32
		{54ADEB66-E432-417A-8F94-686FCD153BCA}.Debug|Win32.Build.0 = Debug|Win32
		{54ADEB66-E432-417A-8F94-686FCD153BCA}.Release|Win32.ActiveCfg = Release|Win32
		{54ADEB66-E432-417A-8F94-686FCD153BCA}.Release|Win32.Build.0 = Release|Win32
		{DDDE1728-D156-46CD-BBC1-E6B3146F0AD1}.Debug|Win32.ActiveCfg = Debug|Win32
		{DDDE1728-D156-46CD-BBC1-E6B3146F0AD1}.Debug|Win32.Build.0 = Debug|Win32
		{DDDE1728-D156-46CD-BBC1-E6B3146F0AD1}.Release|Win32.ActiveCfg = Release|Win32
		{DDDE1728-D156-46CD-BBC1-E6B3146F0AD1}.Release|Win32.Build.0 = Release|Win32
		{B9A189E4-3438-469A-B828-57FD35CA7AAF}.Debug|Win32.ActiveCfg = Debug|Win32
		{B9A189E4-3438-469A-B828-57FD35CA7AAF}.Debug|Win32.Build.0 = Debug|Win32
		{B9A189E4-3438-469A-B828-57FD35CA7AAF}.Release|Win32.ActiveCfg = Release|Win32
		{B9A189E4-3438-469A-B828-57FD35CA7AAF}.Release|Win32.Build.0 = Release|Win32
	EndGlobalSection
	GlobalSection(SolutionProperties) = preSolution
		HideSolutionNode = FALSE
	EndGlobalSection
EndGlobal
