<?xml version="1.0" encoding="utf-8"?>
<Project ToolsVersion="4.0" xmlns="http://schemas.microsoft.com/developer/msbuild/2003">
  <ItemGroup>
    <Filter Include="Source Files">
      <UniqueIdentifier>{4FC737F1-C7A5-4376-A066-2A32D752A2FF}</UniqueIdentifier>
      <Extensions>cpp;c;cc;cxx;def;odl;idl;hpj;bat;asm;asmx</Extensions>
    </Filter>
    <Filter Include="Header Files">
      <UniqueIdentifier>{93995380-89BD-4b04-88EB-625FBE52EBFB}</UniqueIdentifier>
      <Extensions>h;hpp;hxx;hm;inl;inc;xsd</Extensions>
    </Filter>
    <Filter Include="Resource Files">
      <UniqueIdentifier>{67DA6AB6-F800-4c08-8B7A-83BB121AAD01}</UniqueIdentifier>
      <Extensions>rc;ico;cur;bmp;dlg;rc2;rct;bin;rgs;gif;jpg;jpeg;jpe;resx;tiff;tif;png;wav;mfcribbon-ms</Extensions>
    </Filter>
    <Filter Include="Header Files\Control">
      <UniqueIdentifier>{c1eac435-c996-4dd5-ac99-2ab63544d946}</UniqueIdentifier>
    </Filter>
    <Filter Include="Source Files\Control">
      <UniqueIdentifier>{2bc4237f-3e5d-40ab-b050-c5e357c7f643}</UniqueIdentifier>
    </Filter>
  </ItemGroup>
  <ItemGroup>
    <Text Include="ReadMe.txt" />
  </ItemGroup>
  <ItemGroup>
    <ClInclude Include="stdafx.h">
      <Filter>Header Files</Filter>
    </ClInclude>
    <ClInclude Include="targetver.h">
      <Filter>Header Files</Filter>
    </ClInclude>
    <ClInclude Include="Character.h">
      <Filter>Header Files</Filter>
    </ClInclude>
    <ClInclude Include="SimGlobals.h">
      <Filter>Header Files</Filter>
    </ClInclude>
    <ClInclude Include="BaseControlFramework.h">
      <Filter>Header Files\Control</Filter>
    </ClInclude>
    <ClInclude Include="BalanceFeedback.h">
      <Filter>Header Files\Control</Filter>
    </ClInclude>
    <ClInclude Include="Controller.h">
      <Filter>Header Files\Control</Filter>
    </ClInclude>
    <ClInclude Include="ConUtils.h">
      <Filter>Header Files\Control</Filter>
    </ClInclude>
    <ClInclude Include="PoseController.h">
      <Filter>Header Files\Control</Filter>
    </ClInclude>
    <ClInclude Include="SimBiConFramework.h">
      <Filter>Header Files\Control</Filter>
    </ClInclude>
    <ClInclude Include="SimBiController.h">
      <Filter>Header Files\Control</Filter>
    </ClInclude>
    <ClInclude Include="Trajectory.h">
      <Filter>Header Files</Filter>
    </ClInclude>
    <ClInclude Include="SimBiConState.h">
      <Filter>Source Files\Control</Filter>
    </ClInclude>
  </ItemGroup>
  <ItemGroup>
    <ClCompile Include="stdafx.cpp">
      <Filter>Source Files</Filter>
    </ClCompile>
    <ClCompile Include="Character.cpp">
      <Filter>Source Files</Filter>
    </ClCompile>
    <ClCompile Include="SimGlobals.cpp">
      <Filter>Source Files</Filter>
    </ClCompile>
    <ClCompile Include="BalanceFeedback.cpp">
      <Filter>Source Files\Control</Filter>
    </ClCompile>
    <ClCompile Include="BaseControlFramework.cpp">
      <Filter>Source Files\Control</Filter>
    </ClCompile>
    <ClCompile Include="Controller.cpp">
      <Filter>Source Files\Control</Filter>
    </ClCompile>
    <ClCompile Include="ConUtils.cpp">
      <Filter>Source Files\Control</Filter>
    </ClCompile>
    <ClCompile Include="PoseController.cpp">
      <Filter>Source Files\Control</Filter>
    </ClCompile>
    <ClCompile Include="SimBiConState.cpp">
      <Filter>Source Files</Filter>
    </ClCompile>
    <ClCompile Include="SimBiConFramework.cpp">
      <Filter>Header Files\Control</Filter>
    </ClCompile>
    <ClCompile Include="SimBiController.cpp">
      <Filter>Header Files\Control</Filter>
    </ClCompile>
  </ItemGroup>
</Project>