<?xml version="1.0" encoding="utf-8"?>
<Project ToolsVersion="4.0" xmlns="http://schemas.microsoft.com/developer/msbuild/2003">
  <ItemGroup>
    <Filter Include="Source Files">
      <UniqueIdentifier>{4FC737F1-C7A5-4376-A066-2A32D752A2FF}</UniqueIdentifier>
      <Extensions>cpp;c;cxx;def;odl;idl;hpj;bat;asm;asmx</Extensions>
    </Filter>
    <Filter Include="Source Files\block">
      <UniqueIdentifier>{6f69084b-797b-4333-9467-d69c24ed118b}</UniqueIdentifier>
    </Filter>
    <Filter Include="Source Files\vector">
      <UniqueIdentifier>{4a640787-efaf-43aa-971e-811f17dccdff}</UniqueIdentifier>
    </Filter>
    <Filter Include="Source Files\matrix">
      <UniqueIdentifier>{e8b4fed6-2cc7-4425-ae6e-76e907641ab1}</UniqueIdentifier>
    </Filter>
    <Filter Include="Source Files\blas">
      <UniqueIdentifier>{b121524f-d85a-4c13-9cd7-a2bacf7b2013}</UniqueIdentifier>
    </Filter>
    <Filter Include="Header Files">
      <UniqueIdentifier>{93995380-89BD-4b04-88EB-625FBE52EBFB}</UniqueIdentifier>
      <Extensions>h;hpp;hxx;hm;inl;inc;xsd</Extensions>
    </Filter>
    <Filter Include="Header Files\block">
      <UniqueIdentifier>{b87d632c-4665-4004-a88b-2ef33a560665}</UniqueIdentifier>
    </Filter>
    <Filter Include="Header Files\vector">
      <UniqueIdentifier>{e417418c-28ae-419b-929d-fc469711c5d2}</UniqueIdentifier>
    </Filter>
    <Filter Include="Header Files\matrix">
      <UniqueIdentifier>{8e704a8f-cf16-4f0c-ac94-05e82cd9049a}</UniqueIdentifier>
    </Filter>
    <Filter Include="Header Files\blas">
      <UniqueIdentifier>{1847b526-bc31-4798-bfac-f090b849fc64}</UniqueIdentifier>
    </Filter>
  </ItemGroup>
  <ItemGroup>
    <ClCompile Include="error.c">
      <Filter>Source Files</Filter>
    </ClCompile>
    <ClCompile Include="block\block.c">
      <Filter>Source Files\block</Filter>
    </ClCompile>
    <ClCompile Include="block\file.c">
      <Filter>Source Files\block</Filter>
    </ClCompile>
    <ClCompile Include="block\init.c">
      <Filter>Source Files\block</Filter>
    </ClCompile>
    <ClCompile Include="vector\copy.c">
      <Filter>Source Files\vector</Filter>
    </ClCompile>
    <ClCompile Include="vector\file.c">
      <Filter>Source Files\vector</Filter>
    </ClCompile>
    <ClCompile Include="vector\init.c">
      <Filter>Source Files\vector</Filter>
    </ClCompile>
    <ClCompile Include="vector\minmax.c">
      <Filter>Source Files\vector</Filter>
    </ClCompile>
    <ClCompile Include="vector\oper.c">
      <Filter>Source Files\vector</Filter>
    </ClCompile>
    <ClCompile Include="vector\prop.c">
      <Filter>Source Files\vector</Filter>
    </ClCompile>
    <ClCompile Include="vector\swap.c">
      <Filter>Source Files\vector</Filter>
    </ClCompile>
    <ClCompile Include="vector\vector.c">
      <Filter>Source Files\vector</Filter>
    </ClCompile>
    <ClCompile Include="matrix\copy.c">
      <Filter>Source Files\matrix</Filter>
    </ClCompile>
    <ClCompile Include="matrix\file.c">
      <Filter>Source Files\matrix</Filter>
    </ClCompile>
    <ClCompile Include="matrix\getset.c">
      <Filter>Source Files\matrix</Filter>
    </ClCompile>
    <ClCompile Include="matrix\init.c">
      <Filter>Source Files\matrix</Filter>
    </ClCompile>
    <ClCompile Include="matrix\matrix.c">
      <Filter>Source Files\matrix</Filter>
    </ClCompile>
    <ClCompile Include="matrix\minmax.c">
      <Filter>Source Files\matrix</Filter>
    </ClCompile>
    <ClCompile Include="matrix\oper.c">
      <Filter>Source Files\matrix</Filter>
    </ClCompile>
    <ClCompile Include="matrix\prop.c">
      <Filter>Source Files\matrix</Filter>
    </ClCompile>
    <ClCompile Include="matrix\swap.c">
      <Filter>Source Files\matrix</Filter>
    </ClCompile>
    <ClCompile Include="blas\blas.c">
      <Filter>Source Files\blas</Filter>
    </ClCompile>
    <ClCompile Include="blas\cblas.c">
      <Filter>Source Files\blas</Filter>
    </ClCompile>
  </ItemGroup>
  <ItemGroup>
    <ClInclude Include="gsl_errno.h">
      <Filter>Header Files</Filter>
    </ClInclude>
    <ClInclude Include="gsl_math.h">
      <Filter>Header Files</Filter>
    </ClInclude>
    <ClInclude Include="gsl_nan.h">
      <Filter>Header Files</Filter>
    </ClInclude>
    <ClInclude Include="gsl_pow_int.h">
      <Filter>Header Files</Filter>
    </ClInclude>
    <ClInclude Include="gsl_precision.h">
      <Filter>Header Files</Filter>
    </ClInclude>
    <ClInclude Include="gsl_types.h">
      <Filter>Header Files</Filter>
    </ClInclude>
    <ClInclude Include="templates_off.h">
      <Filter>Header Files</Filter>
    </ClInclude>
    <ClInclude Include="templates_on.h">
      <Filter>Header Files</Filter>
    </ClInclude>
    <ClInclude Include="block\gsl_block.h">
      <Filter>Header Files\block</Filter>
    </ClInclude>
    <ClInclude Include="block\gsl_block_double.h">
      <Filter>Header Files\block</Filter>
    </ClInclude>
    <ClInclude Include="block\gsl_check_range.h">
      <Filter>Header Files\block</Filter>
    </ClInclude>
    <ClInclude Include="vector\gsl_vector.h">
      <Filter>Header Files\vector</Filter>
    </ClInclude>
    <ClInclude Include="vector\gsl_vector_double.h">
      <Filter>Header Files\vector</Filter>
    </ClInclude>
    <ClInclude Include="matrix\gsl_matrix.h">
      <Filter>Header Files\matrix</Filter>
    </ClInclude>
    <ClInclude Include="matrix\gsl_matrix_double.h">
      <Filter>Header Files\matrix</Filter>
    </ClInclude>
    <ClInclude Include="blas\cblas.h">
      <Filter>Header Files\blas</Filter>
    </ClInclude>
    <ClInclude Include="blas\f2c.h">
      <Filter>Header Files\blas</Filter>
    </ClInclude>
    <ClInclude Include="blas\gsl_blas.h">
      <Filter>Header Files\blas</Filter>
    </ClInclude>
    <ClInclude Include="blas\gsl_blas_types.h">
      <Filter>Header Files\blas</Filter>
    </ClInclude>
  </ItemGroup>
</Project>